{
  "name": "@ling/react-components",
  "version": "1.0.0",
  "lockfileVersion": 1,
  "requires": true,
  "dependencies": {
    "@ling/react-button": {
      "version": "1.0.0",
      "resolved": "http://localhost:4873/@ling%2freact-button/-/react-button-1.0.0.tgz",
      "integrity": "sha512-46E/nE/yaubKR3MmFX44SYeYFkETvILeY1N9Cy338Usy2inGMTXM3rZ4djRiERxK85aPgOMtsTBThaUhj3YySw=="
    },
    "@ling/react-dropdown": {
      "version": "1.0.0",
      "resolved": "http://localhost:4873/@ling%2freact-dropdown/-/react-dropdown-1.0.0.tgz",
      "integrity": "sha512-qmIxFsP3VWzSiM2b1rf77KT4KGmGuAY1PP01kJ77QALyVbLN6+Dw8xP7/FLaAhVDBbMQPc0woprMGBzqgLMvwA=="
    }
  }
}
